
Microsoft Visual Studio Solution File, Format Version 12.00
# Visual Studio Version 17
VisualStudioVersion = 17.4.33122.133
MinimumVisualStudioVersion = 10.0.40219.1
Project("{FAE04EC0-301F-11D3-BF4B-00C04F79EFBC}") = "ZumaCurveEditor", "ZumaCurveEditor\ZumaCurveEditor.csproj", "{DD0B6B08-1F25-412E-80AB-95D06E903B6E}"
EndProject
Global
	GlobalSection(SolutionConfigurationPlatforms) = preSolution
		Debug|Any CPU = Debug|Any CPU
		Release|Any CPU = Release|Any CPU
	EndGlobalSection
	GlobalSection(ProjectConfigurationPlatforms) = postSolution
		{DD0B6B08-1F25-412E-80AB-95D06E903B6E}.Debug|Any CPU.ActiveCfg = Debug|Any CPU
		{DD0B6B08-1F25-412E-80AB-95D06E903B6E}.Debug|Any CPU.Build.0 = Debug|Any CPU
		{DD0B6B08-1F25-412E-80AB-95D06E903B6E}.Release|Any CPU.ActiveCfg = Release|Any CPU
		{DD0B6B08-1F25-412E-80AB-95D06E903B6E}.Release|Any CPU.Build.0 = Release|Any CPU
	EndGlobalSection
	GlobalSection(SolutionProperties) = preSolution
		HideSolutionNode = FALSE
	EndGlobalSection
	GlobalSection(ExtensibilityGlobals) = postSolution
		SolutionGuid = {B8B473D3-0A27-4374-B015-B5F568438077}
	EndGlobalSection
EndGlobal
