
Microsoft Visual Studio Solution File, Format Version 12.00
# Visual Studio Version 16
VisualStudioVersion = 16.0.29503.13
MinimumVisualStudioVersion = 10.0.40219.1
Project("{FAE04EC0-301F-11D3-BF4B-00C04F79EFBC}") = "ZumaBesselGenerator", "..\..\zumatoolpack - fixed all\ZumaBesselGenerator\ZumaBesselGenerator.csproj", "{AFD65CA2-F1AF-40B4-9457-44310109A07E}"
EndProject
Project("{FAE04EC0-301F-11D3-BF4B-00C04F79EFBC}") = "ZumaBinaryToAi", "..\..\zumatoolpack - fixed all\ZumaBinaryToAi\ZumaBinaryToAi.csproj", "{20DC7AC3-7FA8-4AE6-BFBA-F666BEC3C4A4}"
EndProject
Project("{8BC9CEB8-8B4A-11D0-8D11-00A0C91BC942}") = "ZumaLevelBuilder", "..\..\zumatoolpack - fixed all\ZumaLevelGenerator\ZumaLevelGenerator.vcxproj", "{E2F2CB3E-CBDB-435E-9C98-B239C4F24D00}"
EndProject
Project("{FAE04EC0-301F-11D3-BF4B-00C04F79EFBC}") = "ZumaLevelPainter", "..\..\zumatoolpack - fixed all\ZumaLevelPainter\ZumaLevelPainter.csproj", "{14BFD431-1CF3-4995-A282-CAB3803A702C}"
EndProject
Project("{2150E333-8FDC-42A3-9474-1A3956D46DE8}") = "Solution Items", "Solution Items", "{D34CFD24-0A49-4A02-904A-E354CB0F5CDB}"
	ProjectSection(SolutionItems) = preProject
		TextFile1.txt = TextFile1.txt
	EndProjectSection
EndProject
Global
	GlobalSection(SolutionConfigurationPlatforms) = preSolution
		Debug|Any CPU = Debug|Any CPU
		Debug|x64 = Debug|x64
		Debug|x86 = Debug|x86
		Release|Any CPU = Release|Any CPU
		Release|x64 = Release|x64
		Release|x86 = Release|x86
	EndGlobalSection
	GlobalSection(ProjectConfigurationPlatforms) = postSolution
		{AFD65CA2-F1AF-40B4-9457-44310109A07E}.Debug|Any CPU.ActiveCfg = Debug|Any CPU
		{AFD65CA2-F1AF-40B4-9457-44310109A07E}.Debug|Any CPU.Build.0 = Debug|Any CPU
		{AFD65CA2-F1AF-40B4-9457-44310109A07E}.Debug|x64.ActiveCfg = Debug|Any CPU
		{AFD65CA2-F1AF-40B4-9457-44310109A07E}.Debug|x64.Build.0 = Debug|Any CPU
		{AFD65CA2-F1AF-40B4-9457-44310109A07E}.Debug|x86.ActiveCfg = Debug|Any CPU
		{AFD65CA2-F1AF-40B4-9457-44310109A07E}.Debug|x86.Build.0 = Debug|Any CPU
		{AFD65CA2-F1AF-40B4-9457-44310109A07E}.Release|Any CPU.ActiveCfg = Release|Any CPU
		{AFD65CA2-F1AF-40B4-9457-44310109A07E}.Release|Any CPU.Build.0 = Release|Any CPU
		{AFD65CA2-F1AF-40B4-9457-44310109A07E}.Release|x64.ActiveCfg = Release|Any CPU
		{AFD65CA2-F1AF-40B4-9457-44310109A07E}.Release|x64.Build.0 = Release|Any CPU
		{AFD65CA2-F1AF-40B4-9457-44310109A07E}.Release|x86.ActiveCfg = Release|Any CPU
		{AFD65CA2-F1AF-40B4-9457-44310109A07E}.Release|x86.Build.0 = Release|Any CPU
		{20DC7AC3-7FA8-4AE6-BFBA-F666BEC3C4A4}.Debug|Any CPU.ActiveCfg = Debug|Any CPU
		{20DC7AC3-7FA8-4AE6-BFBA-F666BEC3C4A4}.Debug|Any CPU.Build.0 = Debug|Any CPU
		{20DC7AC3-7FA8-4AE6-BFBA-F666BEC3C4A4}.Debug|x64.ActiveCfg = Debug|Any CPU
		{20DC7AC3-7FA8-4AE6-BFBA-F666BEC3C4A4}.Debug|x64.Build.0 = Debug|Any CPU
		{20DC7AC3-7FA8-4AE6-BFBA-F666BEC3C4A4}.Debug|x86.ActiveCfg = Debug|Any CPU
		{20DC7AC3-7FA8-4AE6-BFBA-F666BEC3C4A4}.Debug|x86.Build.0 = Debug|Any CPU
		{20DC7AC3-7FA8-4AE6-BFBA-F666BEC3C4A4}.Release|Any CPU.ActiveCfg = Release|Any CPU
		{20DC7AC3-7FA8-4AE6-BFBA-F666BEC3C4A4}.Release|Any CPU.Build.0 = Release|Any CPU
		{20DC7AC3-7FA8-4AE6-BFBA-F666BEC3C4A4}.Release|x64.ActiveCfg = Release|Any CPU
		{20DC7AC3-7FA8-4AE6-BFBA-F666BEC3C4A4}.Release|x64.Build.0 = Release|Any CPU
		{20DC7AC3-7FA8-4AE6-BFBA-F666BEC3C4A4}.Release|x86.ActiveCfg = Release|Any CPU
		{20DC7AC3-7FA8-4AE6-BFBA-F666BEC3C4A4}.Release|x86.Build.0 = Release|Any CPU
		{E2F2CB3E-CBDB-435E-9C98-B239C4F24D00}.Debug|Any CPU.ActiveCfg = Debug|Win32
		{E2F2CB3E-CBDB-435E-9C98-B239C4F24D00}.Debug|x64.ActiveCfg = Debug|x64
		{E2F2CB3E-CBDB-435E-9C98-B239C4F24D00}.Debug|x64.Build.0 = Debug|x64
		{E2F2CB3E-CBDB-435E-9C98-B239C4F24D00}.Debug|x86.ActiveCfg = Debug|Win32
		{E2F2CB3E-CBDB-435E-9C98-B239C4F24D00}.Debug|x86.Build.0 = Debug|Win32
		{E2F2CB3E-CBDB-435E-9C98-B239C4F24D00}.Release|Any CPU.ActiveCfg = Release|Win32
		{E2F2CB3E-CBDB-435E-9C98-B239C4F24D00}.Release|x64.ActiveCfg = Release|x64
		{E2F2CB3E-CBDB-435E-9C98-B239C4F24D00}.Release|x64.Build.0 = Release|x64
		{E2F2CB3E-CBDB-435E-9C98-B239C4F24D00}.Release|x86.ActiveCfg = Release|Win32
		{E2F2CB3E-CBDB-435E-9C98-B239C4F24D00}.Release|x86.Build.0 = Release|Win32
		{14BFD431-1CF3-4995-A282-CAB3803A702C}.Debug|Any CPU.ActiveCfg = Debug|Any CPU
		{14BFD431-1CF3-4995-A282-CAB3803A702C}.Debug|Any CPU.Build.0 = Debug|Any CPU
		{14BFD431-1CF3-4995-A282-CAB3803A702C}.Debug|x64.ActiveCfg = Debug|Any CPU
		{14BFD431-1CF3-4995-A282-CAB3803A702C}.Debug|x64.Build.0 = Debug|Any CPU
		{14BFD431-1CF3-4995-A282-CAB3803A702C}.Debug|x86.ActiveCfg = Debug|Any CPU
		{14BFD431-1CF3-4995-A282-CAB3803A702C}.Debug|x86.Build.0 = Debug|Any CPU
		{14BFD431-1CF3-4995-A282-CAB3803A702C}.Release|Any CPU.ActiveCfg = Release|Any CPU
		{14BFD431-1CF3-4995-A282-CAB3803A702C}.Release|Any CPU.Build.0 = Release|Any CPU
		{14BFD431-1CF3-4995-A282-CAB3803A702C}.Release|x64.ActiveCfg = Release|Any CPU
		{14BFD431-1CF3-4995-A282-CAB3803A702C}.Release|x64.Build.0 = Release|Any CPU
		{14BFD431-1CF3-4995-A282-CAB3803A702C}.Release|x86.ActiveCfg = Release|Any CPU
		{14BFD431-1CF3-4995-A282-CAB3803A702C}.Release|x86.Build.0 = Release|Any CPU
	EndGlobalSection
	GlobalSection(SolutionProperties) = preSolution
		HideSolutionNode = FALSE
	EndGlobalSection
	GlobalSection(ExtensibilityGlobals) = postSolution
		SolutionGuid = {B8B473D3-0A27-4374-B015-B5F568438077}
	EndGlobalSection
EndGlobal
